{
  "version": 4,
  "terraform_version": "1.11.0",
  "serial": 4,
  "lineage": "e5137372-4f6c-8616-7b5f-a8b7f6788b55",
  "outputs": {},
  "resources": [
    {
      "mode": "data",
      "type": "coder_parameter",
      "name": "cpu",
      "provider": "provider[\"registry.terraform.io/coder/coder\"]",
      "instances": [
        {
          "schema_version": 0,
          "attributes": {
            "default": "1",
            "description": "CPU cores (max 4)",
            "display_name": "CPU",
            "ephemeral": false,
            "form_type": "radio",
            "icon": "/icon/memory.svg",
            "id": "d9b152da-8280-46f2-b6dd-6cb18553d50f",
            "mutable": true,
            "name": "cpu",
            "option": [
              {
                "description": "",
                "icon": "",
                "name": "1 Core",
                "value": "1"
              },
              {
                "description": "",
                "icon": "",
                "name": "2 Cores",
                "value": "2"
              }
            ],
            "optional": true,
            "order": null,
            "styling": "{}",
            "type": "number",
            "validation": [
              {
                "error": "",
                "max": 4,
                "max_disabled": false,
                "min": 1,
                "min_disabled": false,
                "monotonic": "",
                "regex": ""
              }
            ],
            "value": "1"
          },
          "sensitive_attributes": []
        }
      ]
    },
    {
      "mode": "data",
      "type": "coder_parameter",
      "name": "home_disk_size",
      "provider": "provider[\"registry.terraform.io/coder/coder\"]",
      "instances": [
        {
          "schema_version": 0,
          "attributes": {
            "default": "10",
            "description": null,
            "display_name": "Home disk size (GB)",
            "ephemeral": false,
            "form_type": "input",
            "icon": "/emojis/1f4be.png",
            "id": "d814b6d1-7114-4ed2-b406-f6c0a78c0b48",
            "mutable": false,
            "name": "home_disk_size",
            "option": null,
            "optional": true,
            "order": null,
            "styling": "{}",
            "type": "number",
            "validation": [
              {
                "error": "",
                "max": 50,
                "max_disabled": false,
                "min": 1,
                "min_disabled": false,
                "monotonic": "",
                "regex": ""
              }
            ],
            "value": "10"
          },
          "sensitive_attributes": []
        }
      ]
    },
    {
      "mode": "data",
      "type": "coder_parameter",
      "name": "memory",
      "provider": "provider[\"registry.terraform.io/coder/coder\"]",
      "instances": [
        {
          "schema_version": 0,
          "attributes": {
            "default": "2",
            "description": "Memory in GB (max 8)",
            "display_name": "Memory",
            "ephemeral": false,
            "form_type": "radio",
            "icon": "/icon/memory.svg",
            "id": "6f8aca1f-ed8d-4fff-8ff1-ee60fadb996a",
            "mutable": true,
            "name": "memory",
            "option": [
              {
                "description": "",
                "icon": "",
                "name": "1 GB",
                "value": "1"
              },
              {
                "description": "",
                "icon": "",
                "name": "2 GB",
                "value": "2"
              },
              {
                "description": "",
                "icon": "",
                "name": "4 GB",
                "value": "4"
              }
            ],
            "optional": true,
            "order": null,
            "styling": "{}",
            "type": "number",
            "validation": [
              {
                "error": "",
                "max": 8,
                "max_disabled": false,
                "min": 1,
                "min_disabled": false,
                "monotonic": "",
                "regex": ""
              }
            ],
            "value": "2"
          },
          "sensitive_attributes": []
        }
      ]
    },
    {
      "mode": "data",
      "type": "coder_workspace",
      "name": "me",
      "provider": "provider[\"registry.terraform.io/coder/coder\"]",
      "instances": [
        {
          "schema_version": 0,
          "attributes": {
            "access_port": 443,
            "access_url": "https://mydeployment.coder.com",
            "id": "6b8f289b-04c7-40ea-82b3-52320794d0d2",
            "is_prebuild": false,
            "is_prebuild_claim": false,
            "name": "default",
            "prebuild_count": 0,
            "start_count": 1,
            "template_id": "",
            "template_name": "",
            "template_version": "",
            "transition": "start"
          },
          "sensitive_attributes": []
        }
      ]
    },
    {
      "mode": "data",
      "type": "coder_workspace_owner",
      "name": "me",
      "provider": "provider[\"registry.terraform.io/coder/coder\"]",
      "instances": [
        {
          "schema_version": 0,
          "attributes": {
            "email": "default@example.com",
            "full_name": "default",
            "groups": [],
            "id": "7d4c7314-a157-42d5-b32d-59343cbb0fea",
            "login_type": null,
            "name": "default",
            "oidc_access_token": "",
            "rbac_roles": [],
            "session_token": "",
            "ssh_private_key": "",
            "ssh_public_key": ""
          },
          "sensitive_attributes": [
            [
              {
                "type": "get_attr",
                "value": "ssh_private_key"
              }
            ],
            [
              {
                "type": "get_attr",
                "value": "session_token"
              }
            ],
            [
              {
                "type": "get_attr",
                "value": "oidc_access_token"
              }
            ]
          ]
        }
      ]
    },
    {
      "mode": "managed",
      "type": "coder_agent",
      "name": "main",
      "provider": "provider[\"registry.terraform.io/coder/coder\"]",
      "instances": [
        {
          "schema_version": 1,
          "attributes": {
            "api_key_scope": "all",
            "arch": "amd64",
            "auth": "token",
            "connection_timeout": 120,
            "dir": null,
            "display_apps": [
              {
                "port_forwarding_helper": true,
                "ssh_helper": true,
                "vscode": true,
                "vscode_insiders": false,
                "web_terminal": true
              }
            ],
            "env": null,
            "id": "adb859e4-32dd-4122-bdbf-d26c62b936ea",
            "init_script": "",
            "metadata": [
              {
                "display_name": "CPU Usage",
                "interval": 10,
                "key": "0_cpu_usage",
                "order": 0,
                "script": "coder stat cpu",
                "timeout": 1
              },
              {
                "display_name": "RAM Usage",
                "interval": 10,
                "key": "1_ram_usage",
                "order": 0,
                "script": "coder stat mem",
                "timeout": 1
              },
              {
                "display_name": "Home Disk",
                "interval": 60,
                "key": "3_home_disk",
                "order": 0,
                "script": "coder stat disk --path $$HOME",
                "timeout": 1
              }
            ],
            "motd_file": null,
            "order": null,
            "os": "linux",
            "resources_monitoring": [],
            "shutdown_script": null,
            "startup_script": "set -e\n\n# Install code-server for IDE\ncurl -fsSL https://code-server.dev/install.sh | sh -s -- --method=standalone --prefix=/tmp/code-server\n\n# Generate SSH key for user isolation\nmkdir -p /home/coder/.ssh\nssh-keygen -t ed25519 -f /home/coder/.ssh/id_ed25519 -N \"\" -C \"wonderspace-$(whoami)@ide\" 2\u003e/dev/null || true\ncat /home/coder/.ssh/id_ed25519.pub \u003e\u003e /home/coder/.ssh/authorized_keys 2\u003e/dev/null || true\nchmod 700 /home/coder/.ssh\nchmod 600 /home/coder/.ssh/*\n\n# Start SSH daemon for isolated access\nservice ssh start 2\u003e/dev/null || /usr/sbin/sshd 2\u003e/dev/null || true\n\n# Start code-server on port 13337\n/tmp/code-server/bin/code-server --auth none --port 13337 --host 0.0.0.0 \u003e/tmp/code-server.log 2\u003e\u00261 \u0026\n    \n# Log ready\necho \"✅ WonderSpace IDE ready with SSH access\"\n",
            "startup_script_behavior": "non-blocking",
            "token": "59878d5d-7e1c-4a15-b751-916a8cc6c9bf",
            "troubleshooting_url": null
          },
          "sensitive_attributes": [
            [
              {
                "type": "get_attr",
                "value": "token"
              }
            ]
          ],
          "private": "eyJzY2hlbWFfdmVyc2lvbiI6IjEifQ=="
        }
      ]
    },
    {
      "mode": "managed",
      "type": "coder_app",
      "name": "code-server",
      "provider": "provider[\"registry.terraform.io/coder/coder\"]",
      "instances": [
        {
          "schema_version": 1,
          "attributes": {
            "agent_id": "adb859e4-32dd-4122-bdbf-d26c62b936ea",
            "command": null,
            "display_name": "code-server",
            "external": false,
            "group": null,
            "healthcheck": [
              {
                "interval": 3,
                "threshold": 10,
                "url": "http://localhost:13337/healthz"
              }
            ],
            "hidden": false,
            "icon": "/icon/code.svg",
            "id": "e7ee8322-babe-498b-85e4-88212ade7440",
            "open_in": "slim-window",
            "order": null,
            "share": "owner",
            "slug": "code-server",
            "subdomain": false,
            "tooltip": null,
            "url": "http://localhost:13337?folder=/home/coder/wonderspace"
          },
          "sensitive_attributes": [],
          "private": "eyJzY2hlbWFfdmVyc2lvbiI6IjEifQ==",
          "dependencies": [
            "coder_agent.main"
          ]
        }
      ]
    }
  ],
  "check_results": null
}
