{
  "version": 4,
  "terraform_version": "1.5.7",
  "serial": 23,
  "lineage": "664cabe2-32ca-bed4-7a11-d4a25b40b499",
  "outputs": {
    "workspace_url": {
      "value": "https://dreammakerhub.website/@270c618c-94fa-47bc-8b4e-404981f05c19",
      "type": "string"
    }
  },
  "resources": [
    {
      "mode": "data",
      "type": "coder_parameter",
      "name": "cpu",
      "provider": "provider[\"registry.terraform.io/coder/coder\"]",
      "instances": [
        {
          "schema_version": 0,
          "attributes": {
            "default": "2",
            "description": null,
            "display_name": "CPU Cores",
            "ephemeral": false,
            "form_type": "input",
            "icon": null,
            "id": "ee133173-6365-4d21-87ac-c0ab6acd2313",
            "mutable": false,
            "name": "cpu",
            "option": null,
            "optional": true,
            "order": null,
            "styling": "{}",
            "type": "number",
            "validation": [],
            "value": "2"
          },
          "sensitive_attributes": []
        }
      ]
    },
    {
      "mode": "data",
      "type": "coder_parameter",
      "name": "memory",
      "provider": "provider[\"registry.terraform.io/coder/coder\"]",
      "instances": [
        {
          "schema_version": 0,
          "attributes": {
            "default": "4",
            "description": null,
            "display_name": "Memory (GiB)",
            "ephemeral": false,
            "form_type": "input",
            "icon": null,
            "id": "87aa3d21-50f9-4e42-9b55-899d8b173263",
            "mutable": false,
            "name": "memory",
            "option": null,
            "optional": true,
            "order": null,
            "styling": "{}",
            "type": "number",
            "validation": [],
            "value": "4"
          },
          "sensitive_attributes": []
        }
      ]
    },
    {
      "mode": "data",
      "type": "coder_parameter",
      "name": "repo",
      "provider": "provider[\"registry.terraform.io/coder/coder\"]",
      "instances": [
        {
          "schema_version": 0,
          "attributes": {
            "default": "https://github.com/wonderingtribe/psychic-octo-fishstick",
            "description": null,
            "display_name": "Git Repository",
            "ephemeral": false,
            "form_type": "input",
            "icon": null,
            "id": "ecf3d49b-edf3-49e7-828d-ed4ec216ba8b",
            "mutable": false,
            "name": "repo",
            "option": null,
            "optional": true,
            "order": null,
            "styling": "{}",
            "type": "string",
            "validation": [],
            "value": "https://github.com/wonderingtribe/psychic-octo-fishstick"
          },
          "sensitive_attributes": []
        }
      ]
    },
    {
      "mode": "data",
      "type": "coder_parameter",
      "name": "storage",
      "provider": "provider[\"registry.terraform.io/coder/coder\"]",
      "instances": [
        {
          "schema_version": 0,
          "attributes": {
            "default": "10",
            "description": null,
            "display_name": "Storage (GiB)",
            "ephemeral": false,
            "form_type": "input",
            "icon": null,
            "id": "7c90a3e1-e619-4950-ab3d-67ccef75bdb5",
            "mutable": false,
            "name": "storage",
            "option": null,
            "optional": true,
            "order": null,
            "styling": "{}",
            "type": "number",
            "validation": [],
            "value": "10"
          },
          "sensitive_attributes": []
        }
      ]
    },
    {
      "mode": "data",
      "type": "coder_provisioner",
      "name": "me",
      "provider": "provider[\"registry.terraform.io/coder/coder\"]",
      "instances": [
        {
          "schema_version": 0,
          "attributes": {
            "arch": "arm64",
            "id": "d9cadc36-6c1d-4b6a-a5f1-8c4d2757bc1c",
            "os": "linux"
          },
          "sensitive_attributes": []
        }
      ]
    },
    {
      "mode": "data",
      "type": "coder_workspace",
      "name": "me",
      "provider": "provider[\"registry.terraform.io/coder/coder\"]",
      "instances": [
        {
          "schema_version": 0,
          "attributes": {
            "access_port": 443,
            "access_url": "https://dreammakerhub.website",
            "id": "8afc9c57-b83a-4a57-8c30-cfec377f932a",
            "is_prebuild": false,
            "is_prebuild_claim": false,
            "name": "default",
            "prebuild_count": 0,
            "start_count": 1,
            "template_id": "",
            "template_name": "",
            "template_version": "",
            "transition": "start"
          },
          "sensitive_attributes": []
        }
      ]
    },
    {
      "mode": "data",
      "type": "coder_workspace_owner",
      "name": "me",
      "provider": "provider[\"registry.terraform.io/coder/coder\"]",
      "instances": [
        {
          "schema_version": 0,
          "attributes": {
            "email": "default@example.com",
            "full_name": "default",
            "groups": [],
            "id": "7ab3adfe-9089-4329-ac12-5307e6e829f8",
            "login_type": null,
            "name": "default",
            "oidc_access_token": "",
            "rbac_roles": [],
            "session_token": "",
            "ssh_private_key": "",
            "ssh_public_key": ""
          },
          "sensitive_attributes": []
        }
      ]
    },
    {
      "mode": "managed",
      "type": "coder_agent",
      "name": "main",
      "provider": "provider[\"registry.terraform.io/coder/coder\"]",
      "instances": [
        {
          "schema_version": 1,
          "attributes": {
            "api_key_scope": "all",
            "arch": "arm64",
            "auth": "token",
            "connection_timeout": 120,
            "dir": "/home/coder/project",
            "display_apps": [
              {
                "port_forwarding_helper": true,
                "ssh_helper": true,
                "vscode": true,
                "vscode_insiders": false,
                "web_terminal": true
              }
            ],
            "env": null,
            "id": "270c618c-94fa-47bc-8b4e-404981f05c19",
            "init_script": "",
            "metadata": [],
            "motd_file": null,
            "order": null,
            "os": "linux",
            "resources_monitoring": [],
            "shutdown_script": null,
            "startup_script": "#!/bin/bash\nset -e\nmkdir -p /home/coder/project\necho \"Workspace ready!\"\n",
            "startup_script_behavior": "non-blocking",
            "token": "abde673a-1d2f-469e-8396-995504f89822",
            "troubleshooting_url": null
          },
          "sensitive_attributes": [],
          "private": "eyJzY2hlbWFfdmVyc2lvbiI6IjEifQ==",
          "dependencies": [
            "data.coder_provisioner.me"
          ]
        }
      ]
    },
    {
      "mode": "managed",
      "type": "kubernetes_deployment_v1",
      "name": "main",
      "provider": "provider[\"registry.terraform.io/hashicorp/kubernetes\"]",
      "instances": [
        {
          "index_key": 0,
          "schema_version": 1,
          "attributes": {
            "id": "wonderland-workspaces/coder-8afc9c57-b83a-4a57-8c30-cfec377f932a",
            "metadata": [
              {
                "annotations": null,
                "generate_name": "",
                "generation": 1,
                "labels": {
                  "app.kubernetes.io/instance": "coder-8afc9c57-b83a-4a57-8c30-cfec377f932a",
                  "app.kubernetes.io/name": "coder-workspace",
                  "com.coder.resource": "true",
                  "com.coder.user.username": "default",
                  "com.coder.workspace.id": "8afc9c57-b83a-4a57-8c30-cfec377f932a"
                },
                "name": "coder-8afc9c57-b83a-4a57-8c30-cfec377f932a",
                "namespace": "wonderland-workspaces",
                "resource_version": "585444",
                "uid": "c2ee59f2-9119-4989-807c-1133df4e3bd1"
              }
            ],
            "spec": [
              {
                "min_ready_seconds": 0,
                "paused": false,
                "progress_deadline_seconds": 600,
                "replicas": "1",
                "revision_history_limit": 10,
                "selector": [
                  {
                    "match_expressions": [],
                    "match_labels": {
                      "app.kubernetes.io/instance": "coder-8afc9c57-b83a-4a57-8c30-cfec377f932a",
                      "app.kubernetes.io/name": "coder-workspace"
                    }
                  }
                ],
                "strategy": [
                  {
                    "rolling_update": [],
                    "type": "Recreate"
                  }
                ],
                "template": [
                  {
                    "metadata": [
                      {
                        "annotations": null,
                        "generate_name": "",
                        "generation": 0,
                        "labels": {
                          "app.kubernetes.io/instance": "coder-8afc9c57-b83a-4a57-8c30-cfec377f932a",
                          "app.kubernetes.io/name": "coder-workspace"
                        },
                        "name": "",
                        "namespace": "",
                        "resource_version": "",
                        "uid": ""
                      }
                    ],
                    "spec": [
                      {
                        "active_deadline_seconds": 0,
                        "affinity": [],
                        "automount_service_account_token": true,
                        "container": [
                          {
                            "args": null,
                            "command": null,
                            "env": [
                              {
                                "name": "CODER_AGENT_TOKEN",
                                "value": "abde673a-1d2f-469e-8396-995504f89822",
                                "value_from": []
                              },
                              {
                                "name": "PORT",
                                "value": "8080",
                                "value_from": []
                              }
                            ],
                            "env_from": [],
                            "image": "wonderspace/ide:latest",
                            "image_pull_policy": "IfNotPresent",
                            "lifecycle": [],
                            "liveness_probe": [],
                            "name": "ide",
                            "port": [
                              {
                                "container_port": 8080,
                                "host_ip": "",
                                "host_port": 0,
                                "name": "ide",
                                "protocol": "TCP"
                              }
                            ],
                            "readiness_probe": [],
                            "resources": [
                              {
                                "limits": {
                                  "cpu": "2",
                                  "memory": "4Gi"
                                },
                                "requests": {
                                  "cpu": "500m",
                                  "memory": "1Gi"
                                }
                              }
                            ],
                            "security_context": [],
                            "startup_probe": [],
                            "stdin": false,
                            "stdin_once": false,
                            "termination_message_path": "/dev/termination-log",
                            "termination_message_policy": "File",
                            "tty": false,
                            "volume_device": [],
                            "volume_mount": [
                              {
                                "mount_path": "/home/coder/project",
                                "mount_propagation": "None",
                                "name": "workspaces",
                                "read_only": false,
                                "sub_path": "",
                                "sub_path_expr": ""
                              }
                            ],
                            "working_dir": ""
                          }
                        ],
                        "dns_config": [],
                        "dns_policy": "ClusterFirst",
                        "enable_service_links": true,
                        "host_aliases": [],
                        "host_ipc": false,
                        "host_network": false,
                        "host_pid": false,
                        "hostname": "",
                        "image_pull_secrets": [],
                        "init_container": [],
                        "node_name": "",
                        "node_selector": null,
                        "os": [],
                        "priority_class_name": "",
                        "readiness_gate": [],
                        "restart_policy": "Always",
                        "runtime_class_name": "",
                        "scheduler_name": "default-scheduler",
                        "security_context": [],
                        "service_account_name": "",
                        "share_process_namespace": false,
                        "subdomain": "",
                        "termination_grace_period_seconds": 30,
                        "toleration": [],
                        "topology_spread_constraint": [],
                        "volume": [
                          {
                            "aws_elastic_block_store": [],
                            "azure_disk": [],
                            "azure_file": [],
                            "ceph_fs": [],
                            "cinder": [],
                            "config_map": [],
                            "csi": [],
                            "downward_api": [],
                            "empty_dir": [],
                            "ephemeral": [],
                            "fc": [],
                            "flex_volume": [],
                            "flocker": [],
                            "gce_persistent_disk": [],
                            "git_repo": [],
                            "glusterfs": [],
                            "host_path": [],
                            "iscsi": [],
                            "local": [],
                            "name": "workspaces",
                            "nfs": [],
                            "persistent_volume_claim": [
                              {
                                "claim_name": "coder-8afc9c57-b83a-4a57-8c30-cfec377f932a-data",
                                "read_only": false
                              }
                            ],
                            "photon_persistent_disk": [],
                            "projected": [],
                            "quobyte": [],
                            "rbd": [],
                            "secret": [],
                            "vsphere_volume": []
                          }
                        ]
                      }
                    ]
                  }
                ]
              }
            ],
            "timeouts": null,
            "wait_for_rollout": false
          },
          "sensitive_attributes": [
            [
              {
                "type": "get_attr",
                "value": "spec"
              },
              {
                "type": "index",
                "value": {
                  "value": 0,
                  "type": "number"
                }
              },
              {
                "type": "get_attr",
                "value": "template"
              },
              {
                "type": "index",
                "value": {
                  "value": 0,
                  "type": "number"
                }
              },
              {
                "type": "get_attr",
                "value": "spec"
              },
              {
                "type": "index",
                "value": {
                  "value": 0,
                  "type": "number"
                }
              },
              {
                "type": "get_attr",
                "value": "container"
              },
              {
                "type": "index",
                "value": {
                  "value": 0,
                  "type": "number"
                }
              },
              {
                "type": "get_attr",
                "value": "env"
              },
              {
                "type": "index",
                "value": {
                  "value": 0,
                  "type": "number"
                }
              },
              {
                "type": "get_attr",
                "value": "value"
              }
            ]
          ],
          "private": "eyJlMmJmYjczMC1lY2FhLTExZTYtOGY4OC0zNDM2M2JjN2M0YzAiOnsiY3JlYXRlIjo2MDAwMDAwMDAwMDAsImRlbGV0ZSI6NjAwMDAwMDAwMDAwLCJ1cGRhdGUiOjYwMDAwMDAwMDAwMH0sInNjaGVtYV92ZXJzaW9uIjoiMSJ9",
          "dependencies": [
            "coder_agent.main",
            "data.coder_parameter.cpu",
            "data.coder_parameter.memory",
            "data.coder_parameter.storage",
            "data.coder_provisioner.me",
            "data.coder_workspace.me",
            "data.coder_workspace_owner.me",
            "kubernetes_namespace.wonderland",
            "kubernetes_persistent_volume_claim_v1.workspaces"
          ]
        }
      ]
    },
    {
      "mode": "managed",
      "type": "kubernetes_namespace",
      "name": "wonderland",
      "provider": "provider[\"registry.terraform.io/hashicorp/kubernetes\"]",
      "instances": [
        {
          "schema_version": 0,
          "attributes": {
            "id": "wonderland-workspaces",
            "metadata": [
              {
                "annotations": null,
                "generate_name": "",
                "generation": 0,
                "labels": null,
                "name": "wonderland-workspaces",
                "resource_version": "585439",
                "uid": "d77d5a73-cabf-40bb-b034-1bf94458335b"
              }
            ],
            "timeouts": null,
            "wait_for_default_service_account": false
          },
          "sensitive_attributes": [],
          "private": "eyJlMmJmYjczMC1lY2FhLTExZTYtOGY4OC0zNDM2M2JjN2M0YzAiOnsiZGVsZXRlIjozMDAwMDAwMDAwMDB9fQ=="
        }
      ]
    },
    {
      "mode": "managed",
      "type": "kubernetes_persistent_volume_claim_v1",
      "name": "workspaces",
      "provider": "provider[\"registry.terraform.io/hashicorp/kubernetes\"]",
      "instances": [
        {
          "schema_version": 0,
          "attributes": {
            "id": "wonderland-workspaces/coder-8afc9c57-b83a-4a57-8c30-cfec377f932a-data",
            "metadata": [
              {
                "annotations": null,
                "generate_name": "",
                "generation": 0,
                "labels": {
                  "app.kubernetes.io/instance": "coder-8afc9c57-b83a-4a57-8c30-cfec377f932a",
                  "app.kubernetes.io/name": "coder-workspace",
                  "com.coder.resource": "true",
                  "com.coder.user.username": "default",
                  "com.coder.workspace.id": "8afc9c57-b83a-4a57-8c30-cfec377f932a"
                },
                "name": "coder-8afc9c57-b83a-4a57-8c30-cfec377f932a-data",
                "namespace": "wonderland-workspaces",
                "resource_version": "585442",
                "uid": "70134dc0-c733-48f3-963c-0398bf5f8ae2"
              }
            ],
            "spec": [
              {
                "access_modes": [
                  "ReadWriteOnce"
                ],
                "resources": [
                  {
                    "limits": null,
                    "requests": {
                      "storage": "10Gi"
                    }
                  }
                ],
                "selector": [],
                "storage_class_name": "oci-bv",
                "volume_mode": "Filesystem",
                "volume_name": ""
              }
            ],
            "timeouts": null,
            "wait_until_bound": false
          },
          "sensitive_attributes": [],
          "private": "eyJlMmJmYjczMC1lY2FhLTExZTYtOGY4OC0zNDM2M2JjN2M0YzAiOnsiY3JlYXRlIjozMDAwMDAwMDAwMDB9fQ==",
          "dependencies": [
            "data.coder_parameter.storage",
            "data.coder_workspace.me",
            "data.coder_workspace_owner.me",
            "kubernetes_namespace.wonderland"
          ]
        }
      ]
    }
  ],
  "check_results": null
}
